
Microsoft Visual Studio Solution File, Format Version 12.00
# Visual Studio Version 16
VisualStudioVersion = 16.0.30717.126
MinimumVisualStudioVersion = 10.0.40219.1
Project("{FAE04EC0-301F-11D3-BF4B-00C04F79EFBC}") = "BinarySearchTree", "BinarySearchTree\BinarySearchTree.csproj", "{CE36724E-60F6-4830-B6AA-0CB259DB9E43}"
EndProject
Global
	GlobalSection(SolutionConfigurationPlatforms) = preSolution
		Debug|Any CPU = Debug|Any CPU
		Release|Any CPU = Release|Any CPU
	EndGlobalSection
	GlobalSection(ProjectConfigurationPlatforms) = postSolution
		{CE36724E-60F6-4830-B6AA-0CB259DB9E43}.Debug|Any CPU.ActiveCfg = Debug|Any CPU
		{CE36724E-60F6-4830-B6AA-0CB259DB9E43}.Debug|Any CPU.Build.0 = Debug|Any CPU
		{CE36724E-60F6-4830-B6AA-0CB259DB9E43}.Release|Any CPU.ActiveCfg = Release|Any CPU
		{CE36724E-60F6-4830-B6AA-0CB259DB9E43}.Release|Any CPU.Build.0 = Release|Any CPU
	EndGlobalSection
	GlobalSection(SolutionProperties) = preSolution
		HideSolutionNode = FALSE
	EndGlobalSection
	GlobalSection(ExtensibilityGlobals) = postSolution
		SolutionGuid = {F9D2602F-86C7-4826-8B9B-F9F3E233FAB2}
	EndGlobalSection
EndGlobal
